# THIS IS AN AUTOGENERATED FILE. DO NOT EDIT THIS FILE DIRECTLY.
# yarn lockfile v1


"@adobe/spectrum-css-workflow-icons@1.1.0":
  version "1.1.0"
  resolved "https://registry.yarnpkg.com/@adobe/spectrum-css-workflow-icons/-/spectrum-css-workflow-icons-1.1.0.tgz#79e97f86130e1a30b84c8524cebff93a600dbb8a"
  integrity sha512-07ec4Pfr+W5II4a36nto3jShBZTbpe39lB977ULYN436UTQsnAdYupezBwFd7eEvOMUawgKfqnxyR2oPxp1SMQ==

"@spectrum-css/icon@3.0.1":
  version "3.0.1"
  resolved "https://registry.yarnpkg.com/@spectrum-css/icon/-/icon-3.0.1.tgz#e300a6fc353c85c6b5d6e7a364408a940c31b177"
  integrity sha512-cGFtIrcQ/7tthdkHK1npuEFiCdYVHLqwmLxghUYQw8Tb8KgJaw3OBO1tpjgsUizexNgu26BjVRIbGxNWuBXIHQ==

svelte@^3.24.0:
  version "3.24.1"
  resolved "https://registry.yarnpkg.com/svelte/-/svelte-3.24.1.tgz#aca364937dd1df27fe131e2a4c234acb6061db4b"
  integrity sha512-OX/IBVUJSFo1rnznXdwf9rv6LReJ3qQ0PwRjj76vfUWyTfbHbR9OXqJBnUrpjyis2dwYcbT2Zm1DFjOOF1ZbbQ==

svg-to-svelte@^2.0.0:
  version "2.0.0"
  resolved "https://registry.yarnpkg.com/svg-to-svelte/-/svg-to-svelte-2.0.0.tgz#0069ccd8dca85fb2fc233eac3b56c54235425c66"
  integrity sha512-zKVAPwmZvqgu04ulR/92HILIt3LAGP+RZTGFDsqsBXEw/qABGqhQFlkmqNAtRq4iV5iVRb+O6nQX0CgoVzwatw==
  dependencies:
    svelte "^3.24.0"
