# THIS IS AN AUTOGENERATED FILE. DO NOT EDIT THIS FILE DIRECTLY.
# yarn lockfile v1


"@adobe/spectrum-css-workflow-icons@1.0.0":
  version "1.0.0"
  resolved "https://registry.yarnpkg.com/@adobe/spectrum-css-workflow-icons/-/spectrum-css-workflow-icons-1.0.0.tgz#913f3a251ef5ea3154929a7a23d4fbd6de1553da"
  integrity sha512-aJbk7XhsUNefoufMpneq2aIT3VuD++KUY0C08VKbt5p/WOW0aDX8WYavUxW4oiK5cAgsvapcaPaS+eWpBMwXLg==

"@spectrum-css/icon@2.1.1":
  version "2.1.1"
  resolved "https://registry.yarnpkg.com/@spectrum-css/icon/-/icon-2.1.1.tgz#53b371b293833e501898472dda8661a07db09fd8"
  integrity sha512-Ddnjw3YTZiuJC8uVJ9x6i+ufQN+Vp4vibc+YxE7nXn8tWzT8zTRzwv6oHwSG9m+KzonTfnwqPuQx6ZA8vbK9xA==

svelte@^3.24.0:
  version "3.24.1"
  resolved "https://registry.yarnpkg.com/svelte/-/svelte-3.24.1.tgz#aca364937dd1df27fe131e2a4c234acb6061db4b"
  integrity sha512-OX/IBVUJSFo1rnznXdwf9rv6LReJ3qQ0PwRjj76vfUWyTfbHbR9OXqJBnUrpjyis2dwYcbT2Zm1DFjOOF1ZbbQ==

svg-to-svelte@^1.0.1:
  version "1.0.1"
  resolved "https://registry.yarnpkg.com/svg-to-svelte/-/svg-to-svelte-1.0.1.tgz#812346974fe00074162757e55dd9f9e62616fbb4"
  integrity sha512-kTbTnqYoA2KrVG4EceBsy453mX55tbYOpBxO1PK6AjF4enNBvVSb66S9I6IfOavXu2LArwFfWOtQ3Ni8qA2iqQ==
  dependencies:
    svelte "^3.24.0"
