# THIS IS AN AUTOGENERATED FILE. DO NOT EDIT THIS FILE DIRECTLY.
# yarn lockfile v1


"@adobe/spectrum-css-workflow-icons@1.1.0":
  version "1.1.0"
  resolved "https://registry.yarnpkg.com/@adobe/spectrum-css-workflow-icons/-/spectrum-css-workflow-icons-1.1.0.tgz#79e97f86130e1a30b84c8524cebff93a600dbb8a"
  integrity sha512-07ec4Pfr+W5II4a36nto3jShBZTbpe39lB977ULYN436UTQsnAdYupezBwFd7eEvOMUawgKfqnxyR2oPxp1SMQ==

"@spectrum-css/icon@2.1.1":
  version "2.1.1"
  resolved "https://registry.yarnpkg.com/@spectrum-css/icon/-/icon-2.1.1.tgz#53b371b293833e501898472dda8661a07db09fd8"
  integrity sha512-Ddnjw3YTZiuJC8uVJ9x6i+ufQN+Vp4vibc+YxE7nXn8tWzT8zTRzwv6oHwSG9m+KzonTfnwqPuQx6ZA8vbK9xA==

svelte@^3.32.1:
  version "3.32.1"
  resolved "https://registry.yarnpkg.com/svelte/-/svelte-3.32.1.tgz#c4b6e35517d0ed77e652cc8964ef660afa2f70f3"
  integrity sha512-j1KmD2ZOU0RGq1/STDXjwfh0/eJ/Deh2NXyuz1bpR9eOcz9yImn4CGxXdbSAN7cMTm9a7IyPUIbuBCzu/pXK0g==

svg-to-svelte@^2.2.0:
  version "2.2.0"
  resolved "https://registry.yarnpkg.com/svg-to-svelte/-/svg-to-svelte-2.2.0.tgz#2192cb6ad030fb942e344eaad6c8f91a2f3582aa"
  integrity sha512-Ftc5h3S/GipgFphfHPoem0gAqoU6ppsQ3anktIXZjHck8HMPPq8UNyCbyRIDnofdiRnSQnCk1DOPJHszpTQcLg==
  dependencies:
    svelte "^3.32.1"
